// !$*UTF8*$!
{
	archiveVersion = 1;
	classes = {
	};
	objectVersion = 46;
	objects = {

/* Begin PBXBuildFile section */
		B54AF431E6016E31FE64AC50 /* libPods-foursquare.a in Frameworks */ = {isa = PBXBuildFile; fileRef = F09E438ED1E40E297A27D761 /* libPods-foursquare.a */; };
		F3429D2C203CF86D008378B9 /* AppDelegate.swift in Sources */ = {isa = PBXBuildFile; fileRef = F3429D2B203CF86D008378B9 /* AppDelegate.swift */; };
		F3429D31203CF86D008378B9 /* Main.storyboard in Resources */ = {isa = PBXBuildFile; fileRef = F3429D2F203CF86D008378B9 /* Main.storyboard */; };
		F3429D33203CF86D008378B9 /* Assets.xcassets in Resources */ = {isa = PBXBuildFile; fileRef = F3429D32203CF86D008378B9 /* Assets.xcassets */; };
		F3429D36203CF86D008378B9 /* LaunchScreen.storyboard in Resources */ = {isa = PBXBuildFile; fileRef = F3429D34203CF86D008378B9 /* LaunchScreen.storyboard */; };
		F3429D3E203CF8A5008378B9 /* Date+extension.swift in Sources */ = {isa = PBXBuildFile; fileRef = F3429D3D203CF8A5008378B9 /* Date+extension.swift */; };
		F3429D40203CF8D8008378B9 /* LoginController.swift in Sources */ = {isa = PBXBuildFile; fileRef = F3429D3F203CF8D8008378B9 /* LoginController.swift */; };
		F3429D42203CF955008378B9 /* MapController.swift in Sources */ = {isa = PBXBuildFile; fileRef = F3429D41203CF955008378B9 /* MapController.swift */; };
		F3429D44203CF996008378B9 /* User.swift in Sources */ = {isa = PBXBuildFile; fileRef = F3429D43203CF996008378B9 /* User.swift */; };
		F3429D46203CF9C4008378B9 /* Post.swift in Sources */ = {isa = PBXBuildFile; fileRef = F3429D45203CF9C4008378B9 /* Post.swift */; };
		F3429D48203CFA0B008378B9 /* UIColor+extension.swift in Sources */ = {isa = PBXBuildFile; fileRef = F3429D47203CFA0B008378B9 /* UIColor+extension.swift */; };
		F3429D4C203CFB41008378B9 /* Podfile in Resources */ = {isa = PBXBuildFile; fileRef = F3429D4B203CFB41008378B9 /* Podfile */; };
/* End PBXBuildFile section */

/* Begin PBXFileReference section */
		2BF0F10160BBFBDFE6AF1CD1 /* Pods-foursquare.debug.xcconfig */ = {isa = PBXFileReference; includeInIndex = 1; lastKnownFileType = text.xcconfig; name = "Pods-foursquare.debug.xcconfig"; path = "Pods/Target Support Files/Pods-foursquare/Pods-foursquare.debug.xcconfig"; sourceTree = "<group>"; };
		A55BE9FCC70BEAB3A93A4F78 /* Pods-foursquare.release.xcconfig */ = {isa = PBXFileReference; includeInIndex = 1; lastKnownFileType = text.xcconfig; name = "Pods-foursquare.release.xcconfig"; path = "Pods/Target Support Files/Pods-foursquare/Pods-foursquare.release.xcconfig"; sourceTree = "<group>"; };
		F09E438ED1E40E297A27D761 /* libPods-foursquare.a */ = {isa = PBXFileReference; explicitFileType = archive.ar; includeInIndex = 0; path = "libPods-foursquare.a"; sourceTree = BUILT_PRODUCTS_DIR; };
		F3429D28203CF86D008378B9 /* foursquare.app */ = {isa = PBXFileReference; explicitFileType = wrapper.application; includeInIndex = 0; path = foursquare.app; sourceTree = BUILT_PRODUCTS_DIR; };
		F3429D2B203CF86D008378B9 /* AppDelegate.swift */ = {isa = PBXFileReference; lastKnownFileType = sourcecode.swift; path = AppDelegate.swift; sourceTree = "<group>"; };
		F3429D30203CF86D008378B9 /* Base */ = {isa = PBXFileReference; lastKnownFileType = file.storyboard; name = Base; path = Base.lproj/Main.storyboard; sourceTree = "<group>"; };
		F3429D32203CF86D008378B9 /* Assets.xcassets */ = {isa = PBXFileReference; lastKnownFileType = folder.assetcatalog; path = Assets.xcassets; sourceTree = "<group>"; };
		F3429D35203CF86D008378B9 /* Base */ = {isa = PBXFileReference; lastKnownFileType = file.storyboard; name = Base; path = Base.lproj/LaunchScreen.storyboard; sourceTree = "<group>"; };
		F3429D37203CF86D008378B9 /* Info.plist */ = {isa = PBXFileReference; lastKnownFileType = text.plist.xml; path = Info.plist; sourceTree = "<group>"; };
		F3429D3D203CF8A5008378B9 /* Date+extension.swift */ = {isa = PBXFileReference; fileEncoding = 4; lastKnownFileType = sourcecode.swift; path = "Date+extension.swift"; sourceTree = "<group>"; };
		F3429D3F203CF8D8008378B9 /* LoginController.swift */ = {isa = PBXFileReference; fileEncoding = 4; lastKnownFileType = sourcecode.swift; path = LoginController.swift; sourceTree = "<group>"; };
		F3429D41203CF955008378B9 /* MapController.swift */ = {isa = PBXFileReference; fileEncoding = 4; lastKnownFileType = sourcecode.swift; path = MapController.swift; sourceTree = "<group>"; };
		F3429D43203CF996008378B9 /* User.swift */ = {isa = PBXFileReference; fileEncoding = 4; lastKnownFileType = sourcecode.swift; path = User.swift; sourceTree = "<group>"; };
		F3429D45203CF9C4008378B9 /* Post.swift */ = {isa = PBXFileReference; fileEncoding = 4; lastKnownFileType = sourcecode.swift; path = Post.swift; sourceTree = "<group>"; };
		F3429D47203CFA0B008378B9 /* UIColor+extension.swift */ = {isa = PBXFileReference; fileEncoding = 4; lastKnownFileType = sourcecode.swift; path = "UIColor+extension.swift"; sourceTree = "<group>"; };
		F3429D4B203CFB41008378B9 /* Podfile */ = {isa = PBXFileReference; fileEncoding = 4; lastKnownFileType = text; path = Podfile; sourceTree = "<group>"; };
/* End PBXFileReference section */

/* Begin PBXFrameworksBuildPhase section */
		F3429D25203CF86D008378B9 /* Frameworks */ = {
			isa = PBXFrameworksBuildPhase;
			buildActionMask = 2147483647;
			files = (
				B54AF431E6016E31FE64AC50 /* libPods-foursquare.a in Frameworks */,
			);
			runOnlyForDeploymentPostprocessing = 0;
		};
/* End PBXFrameworksBuildPhase section */

/* Begin PBXGroup section */
		0C50CE33753D55C76720F4C7 /* Frameworks */ = {
			isa = PBXGroup;
			children = (
				F09E438ED1E40E297A27D761 /* libPods-foursquare.a */,
			);
			name = Frameworks;
			sourceTree = "<group>";
		};
		53288BF5F375BB025FC196C8 /* Pods */ = {
			isa = PBXGroup;
			children = (
				2BF0F10160BBFBDFE6AF1CD1 /* Pods-foursquare.debug.xcconfig */,
				A55BE9FCC70BEAB3A93A4F78 /* Pods-foursquare.release.xcconfig */,
			);
			name = Pods;
			sourceTree = "<group>";
		};
		F3429D1F203CF86D008378B9 = {
			isa = PBXGroup;
			children = (
				F3429D4B203CFB41008378B9 /* Podfile */,
				F3429D2A203CF86D008378B9 /* foursquare */,
				F3429D29203CF86D008378B9 /* Products */,
				53288BF5F375BB025FC196C8 /* Pods */,
				0C50CE33753D55C76720F4C7 /* Frameworks */,
			);
			sourceTree = "<group>";
		};
		F3429D29203CF86D008378B9 /* Products */ = {
			isa = PBXGroup;
			children = (
				F3429D28203CF86D008378B9 /* foursquare.app */,
			);
			name = Products;
			sourceTree = "<group>";
		};
		F3429D2A203CF86D008378B9 /* foursquare */ = {
			isa = PBXGroup;
			children = (
				F3429D2B203CF86D008378B9 /* AppDelegate.swift */,
				F3429D2F203CF86D008378B9 /* Main.storyboard */,
				F3429D32203CF86D008378B9 /* Assets.xcassets */,
				F3429D34203CF86D008378B9 /* LaunchScreen.storyboard */,
				F3429D37203CF86D008378B9 /* Info.plist */,
				F3429D3D203CF8A5008378B9 /* Date+extension.swift */,
				F3429D3F203CF8D8008378B9 /* LoginController.swift */,
				F3429D41203CF955008378B9 /* MapController.swift */,
				F3429D43203CF996008378B9 /* User.swift */,
				F3429D45203CF9C4008378B9 /* Post.swift */,
				F3429D47203CFA0B008378B9 /* UIColor+extension.swift */,
			);
			path = foursquare;
			sourceTree = "<group>";
		};
/* End PBXGroup section */

/* Begin PBXNativeTarget section */
		F3429D27203CF86D008378B9 /* foursquare */ = {
			isa = PBXNativeTarget;
			buildConfigurationList = F3429D3A203CF86D008378B9 /* Build configuration list for PBXNativeTarget "foursquare" */;
			buildPhases = (
				B4EA9919CF775796E4D4478C /* [CP] Check Pods Manifest.lock */,
				F3429D24203CF86D008378B9 /* Sources */,
				F3429D25203CF86D008378B9 /* Frameworks */,
				F3429D26203CF86D008378B9 /* Resources */,
				9D751C9643547E5A3B235284 /* [CP] Embed Pods Frameworks */,
				A3DD95283E94C44CDD0E8490 /* [CP] Copy Pods Resources */,
			);
			buildRules = (
			);
			dependencies = (
			);
			name = foursquare;
			productName = foursquare;
			productReference = F3429D28203CF86D008378B9 /* foursquare.app */;
			productType = "com.apple.product-type.application";
		};
/* End PBXNativeTarget section */

/* Begin PBXProject section */
		F3429D20203CF86D008378B9 /* Project object */ = {
			isa = PBXProject;
			attributes = {
				LastSwiftUpdateCheck = 0830;
				LastUpgradeCheck = 0830;
				ORGANIZATIONNAME = "Alumno IDS";
				TargetAttributes = {
					F3429D27203CF86D008378B9 = {
						CreatedOnToolsVersion = 8.3.2;
						ProvisioningStyle = Automatic;
					};
				};
			};
			buildConfigurationList = F3429D23203CF86D008378B9 /* Build configuration list for PBXProject "foursquare" */;
			compatibilityVersion = "Xcode 3.2";
			developmentRegion = English;
			hasScannedForEncodings = 0;
			knownRegions = (
				en,
				Base,
			);
			mainGroup = F3429D1F203CF86D008378B9;
			productRefGroup = F3429D29203CF86D008378B9 /* Products */;
			projectDirPath = "";
			projectRoot = "";
			targets = (
				F3429D27203CF86D008378B9 /* foursquare */,
			);
		};
/* End PBXProject section */

/* Begin PBXResourcesBuildPhase section */
		F3429D26203CF86D008378B9 /* Resources */ = {
			isa = PBXResourcesBuildPhase;
			buildActionMask = 2147483647;
			files = (
				F3429D4C203CFB41008378B9 /* Podfile in Resources */,
				F3429D36203CF86D008378B9 /* LaunchScreen.storyboard in Resources */,
				F3429D33203CF86D008378B9 /* Assets.xcassets in Resources */,
				F3429D31203CF86D008378B9 /* Main.storyboard in Resources */,
			);
			runOnlyForDeploymentPostprocessing = 0;
		};
/* End PBXResourcesBuildPhase section */

/* Begin PBXShellScriptBuildPhase section */
		9D751C9643547E5A3B235284 /* [CP] Embed Pods Frameworks */ = {
			isa = PBXShellScriptBuildPhase;
			buildActionMask = 2147483647;
			files = (
			);
			inputPaths = (
			);
			name = "[CP] Embed Pods Frameworks";
			outputPaths = (
			);
			runOnlyForDeploymentPostprocessing = 0;
			shellPath = /bin/sh;
			shellScript = "\"${SRCROOT}/Pods/Target Support Files/Pods-foursquare/Pods-foursquare-frameworks.sh\"\n";
			showEnvVarsInLog = 0;
		};
		A3DD95283E94C44CDD0E8490 /* [CP] Copy Pods Resources */ = {
			isa = PBXShellScriptBuildPhase;
			buildActionMask = 2147483647;
			files = (
			);
			inputPaths = (
				"${SRCROOT}/Pods/Target Support Files/Pods-foursquare/Pods-foursquare-resources.sh",
				"${PODS_ROOT}/GoogleMaps/Maps/Frameworks/GoogleMaps.framework/Resources/GoogleMaps.bundle",
				"${PODS_ROOT}/GooglePlaces/Frameworks/GooglePlaces.framework/Resources/GooglePlaces.bundle",
			);
			name = "[CP] Copy Pods Resources";
			outputPaths = (
				"${TARGET_BUILD_DIR}/${UNLOCALIZED_RESOURCES_FOLDER_PATH}/GoogleMaps.bundle",
				"${TARGET_BUILD_DIR}/${UNLOCALIZED_RESOURCES_FOLDER_PATH}/GooglePlaces.bundle",
			);
			runOnlyForDeploymentPostprocessing = 0;
			shellPath = /bin/sh;
			shellScript = "\"${SRCROOT}/Pods/Target Support Files/Pods-foursquare/Pods-foursquare-resources.sh\"\n";
			showEnvVarsInLog = 0;
		};
		B4EA9919CF775796E4D4478C /* [CP] Check Pods Manifest.lock */ = {
			isa = PBXShellScriptBuildPhase;
			buildActionMask = 2147483647;
			files = (
			);
			inputPaths = (
				"${PODS_PODFILE_DIR_PATH}/Podfile.lock",
				"${PODS_ROOT}/Manifest.lock",
			);
			name = "[CP] Check Pods Manifest.lock";
			outputPaths = (
				"$(DERIVED_FILE_DIR)/Pods-foursquare-checkManifestLockResult.txt",
			);
			runOnlyForDeploymentPostprocessing = 0;
			shellPath = /bin/sh;
			shellScript = "diff \"${PODS_PODFILE_DIR_PATH}/Podfile.lock\" \"${PODS_ROOT}/Manifest.lock\" > /dev/null\nif [ $? != 0 ] ; then\n    # print error to STDERR\n    echo \"error: The sandbox is not in sync with the Podfile.lock. Run 'pod install' or update your CocoaPods installation.\" >&2\n    exit 1\nfi\n# This output is used by Xcode 'outputs' to avoid re-running this script phase.\necho \"SUCCESS\" > \"${SCRIPT_OUTPUT_FILE_0}\"\n";
			showEnvVarsInLog = 0;
		};
/* End PBXShellScriptBuildPhase section */

/* Begin PBXSourcesBuildPhase section */
		F3429D24203CF86D008378B9 /* Sources */ = {
			isa = PBXSourcesBuildPhase;
			buildActionMask = 2147483647;
			files = (
				F3429D42203CF955008378B9 /* MapController.swift in Sources */,
				F3429D40203CF8D8008378B9 /* LoginController.swift in Sources */,
				F3429D3E203CF8A5008378B9 /* Date+extension.swift in Sources */,
				F3429D48203CFA0B008378B9 /* UIColor+extension.swift in Sources */,
				F3429D46203CF9C4008378B9 /* Post.swift in Sources */,
				F3429D44203CF996008378B9 /* User.swift in Sources */,
				F3429D2C203CF86D008378B9 /* AppDelegate.swift in Sources */,
			);
			runOnlyForDeploymentPostprocessing = 0;
		};
/* End PBXSourcesBuildPhase section */

/* Begin PBXVariantGroup section */
		F3429D2F203CF86D008378B9 /* Main.storyboard */ = {
			isa = PBXVariantGroup;
			children = (
				F3429D30203CF86D008378B9 /* Base */,
			);
			name = Main.storyboard;
			sourceTree = "<group>";
		};
		F3429D34203CF86D008378B9 /* LaunchScreen.storyboard */ = {
			isa = PBXVariantGroup;
			children = (
				F3429D35203CF86D008378B9 /* Base */,
			);
			name = LaunchScreen.storyboard;
			sourceTree = "<group>";
		};
/* End PBXVariantGroup section */

/* Begin XCBuildConfiguration section */
		F3429D38203CF86D008378B9 /* Debug */ = {
			isa = XCBuildConfiguration;
			buildSettings = {
				ALWAYS_SEARCH_USER_PATHS = NO;
				CLANG_ANALYZER_NONNULL = YES;
				CLANG_ANALYZER_NUMBER_OBJECT_CONVERSION = YES_AGGRESSIVE;
				CLANG_CXX_LANGUAGE_STANDARD = "gnu++0x";
				CLANG_CXX_LIBRARY = "libc++";
				CLANG_ENABLE_MODULES = YES;
				CLANG_ENABLE_OBJC_ARC = YES;
				CLANG_WARN_BOOL_CONVERSION = YES;
				CLANG_WARN_CONSTANT_CONVERSION = YES;
				CLANG_WARN_DIRECT_OBJC_ISA_USAGE = YES_ERROR;
				CLANG_WARN_DOCUMENTATION_COMMENTS = YES;
				CLANG_WARN_EMPTY_BODY = YES;
				CLANG_WARN_ENUM_CONVERSION = YES;
				CLANG_WARN_INFINITE_RECURSION = YES;
				CLANG_WARN_INT_CONVERSION = YES;
				CLANG_WARN_OBJC_ROOT_CLASS = YES_ERROR;
				CLANG_WARN_SUSPICIOUS_MOVE = YES;
				CLANG_WARN_UNREACHABLE_CODE = YES;
				CLANG_WARN__DUPLICATE_METHOD_MATCH = YES;
				"CODE_SIGN_IDENTITY[sdk=iphoneos*]" = "iPhone Developer";
				COPY_PHASE_STRIP = NO;
				DEBUG_INFORMATION_FORMAT = dwarf;
				ENABLE_STRICT_OBJC_MSGSEND = YES;
				ENABLE_TESTABILITY = YES;
				GCC_C_LANGUAGE_STANDARD = gnu99;
				GCC_DYNAMIC_NO_PIC = NO;
				GCC_NO_COMMON_BLOCKS = YES;
				GCC_OPTIMIZATION_LEVEL = 0;
				GCC_PREPROCESSOR_DEFINITIONS = (
					"DEBUG=1",
					"$(inherited)",
				);
				GCC_WARN_64_TO_32_BIT_CONVERSION = YES;
				GCC_WARN_ABOUT_RETURN_TYPE = YES_ERROR;
				GCC_WARN_UNDECLARED_SELECTOR = YES;
				GCC_WARN_UNINITIALIZED_AUTOS = YES_AGGRESSIVE;
				GCC_WARN_UNUSED_FUNCTION = YES;
				GCC_WARN_UNUSED_VARIABLE = YES;
				IPHONEOS_DEPLOYMENT_TARGET = 10.3;
				MTL_ENABLE_DEBUG_INFO = YES;
				ONLY_ACTIVE_ARCH = YES;
				SDKROOT = iphoneos;
				SWIFT_ACTIVE_COMPILATION_CONDITIONS = DEBUG;
				SWIFT_OPTIMIZATION_LEVEL = "-Onone";
				TARGETED_DEVICE_FAMILY = "1,2";
			};
			name = Debug;
		};
		F3429D39203CF86D008378B9 /* Release */ = {
			isa = XCBuildConfiguration;
			buildSettings = {
				ALWAYS_SEARCH_USER_PATHS = NO;
				CLANG_ANALYZER_NONNULL = YES;
				CLANG_ANALYZER_NUMBER_OBJECT_CONVERSION = YES_AGGRESSIVE;
				CLANG_CXX_LANGUAGE_STANDARD = "gnu++0x";
				CLANG_CXX_LIBRARY = "libc++";
				CLANG_ENABLE_MODULES = YES;
				CLANG_ENABLE_OBJC_ARC = YES;
				CLANG_WARN_BOOL_CONVERSION = YES;
				CLANG_WARN_CONSTANT_CONVERSION = YES;
				CLANG_WARN_DIRECT_OBJC_ISA_USAGE = YES_ERROR;
				CLANG_WARN_DOCUMENTATION_COMMENTS = YES;
				CLANG_WARN_EMPTY_BODY = YES;
				CLANG_WARN_ENUM_CONVERSION = YES;
				CLANG_WARN_INFINITE_RECURSION = YES;
				CLANG_WARN_INT_CONVERSION = YES;
				CLANG_WARN_OBJC_ROOT_CLASS = YES_ERROR;
				CLANG_WARN_SUSPICIOUS_MOVE = YES;
				CLANG_WARN_UNREACHABLE_CODE = YES;
				CLANG_WARN__DUPLICATE_METHOD_MATCH = YES;
				"CODE_SIGN_IDENTITY[sdk=iphoneos*]" = "iPhone Developer";
				COPY_PHASE_STRIP = NO;
				DEBUG_INFORMATION_FORMAT = "dwarf-with-dsym";
				ENABLE_NS_ASSERTIONS = NO;
				ENABLE_STRICT_OBJC_MSGSEND = YES;
				GCC_C_LANGUAGE_STANDARD = gnu99;
				GCC_NO_COMMON_BLOCKS = YES;
				GCC_WARN_64_TO_32_BIT_CONVERSION = YES;
				GCC_WARN_ABOUT_RETURN_TYPE = YES_ERROR;
				GCC_WARN_UNDECLARED_SELECTOR = YES;
				GCC_WARN_UNINITIALIZED_AUTOS = YES_AGGRESSIVE;
				GCC_WARN_UNUSED_FUNCTION = YES;
				GCC_WARN_UNUSED_VARIABLE = YES;
				IPHONEOS_DEPLOYMENT_TARGET = 10.3;
				MTL_ENABLE_DEBUG_INFO = NO;
				SDKROOT = iphoneos;
				SWIFT_OPTIMIZATION_LEVEL = "-Owholemodule";
				TARGETED_DEVICE_FAMILY = "1,2";
				VALIDATE_PRODUCT = YES;
			};
			name = Release;
		};
		F3429D3B203CF86D008378B9 /* Debug */ = {
			isa = XCBuildConfiguration;
			baseConfigurationReference = 2BF0F10160BBFBDFE6AF1CD1 /* Pods-foursquare.debug.xcconfig */;
			buildSettings = {
				ASSETCATALOG_COMPILER_APPICON_NAME = AppIcon;
				INFOPLIST_FILE = foursquare/Info.plist;
				LD_RUNPATH_SEARCH_PATHS = "$(inherited) @executable_path/Frameworks";
				PRODUCT_BUNDLE_IDENTIFIER = com.jonathan.foursquare;
				PRODUCT_NAME = "$(TARGET_NAME)";
				SWIFT_VERSION = 3.0;
			};
			name = Debug;
		};
		F3429D3C203CF86D008378B9 /* Release */ = {
			isa = XCBuildConfiguration;
			baseConfigurationReference = A55BE9FCC70BEAB3A93A4F78 /* Pods-foursquare.release.xcconfig */;
			buildSettings = {
				ASSETCATALOG_COMPILER_APPICON_NAME = AppIcon;
				INFOPLIST_FILE = foursquare/Info.plist;
				LD_RUNPATH_SEARCH_PATHS = "$(inherited) @executable_path/Frameworks";
				PRODUCT_BUNDLE_IDENTIFIER = com.jonathan.foursquare;
				PRODUCT_NAME = "$(TARGET_NAME)";
				SWIFT_VERSION = 3.0;
			};
			name = Release;
		};
/* End XCBuildConfiguration section */

/* Begin XCConfigurationList section */
		F3429D23203CF86D008378B9 /* Build configuration list for PBXProject "foursquare" */ = {
			isa = XCConfigurationList;
			buildConfigurations = (
				F3429D38203CF86D008378B9 /* Debug */,
				F3429D39203CF86D008378B9 /* Release */,
			);
			defaultConfigurationIsVisible = 0;
			defaultConfigurationName = Release;
		};
		F3429D3A203CF86D008378B9 /* Build configuration list for PBXNativeTarget "foursquare" */ = {
			isa = XCConfigurationList;
			buildConfigurations = (
				F3429D3B203CF86D008378B9 /* Debug */,
				F3429D3C203CF86D008378B9 /* Release */,
			);
			defaultConfigurationIsVisible = 0;
		};
/* End XCConfigurationList section */
	};
	rootObject = F3429D20203CF86D008378B9 /* Project object */;
}
